# generated by rye
# use `rye lock` or `rye sync` to update this lockfile
#
# last locked with the following flags:
#   pre: false
#   features: []
#   all-features: false
#   with-sources: false
#   generate-hashes: false
#   universal: false

-e file:.
aiohappyeyeballs==2.6.1
    # via aiohttp
aiohttp==3.13.3
    # via litellm
aiosignal==1.4.0
    # via aiohttp
annotated-types==0.7.0
    # via pydantic
anyio==4.12.1
    # via httpx
    # via openai
attrs==25.4.0
    # via aiohttp
    # via jsonschema
    # via referencing
certifi==2026.1.4
    # via httpcore
    # via httpx
    # via requests
charset-normalizer==3.4.4
    # via requests
click==8.3.1
    # via litellm
    # via typer-slim
distro==1.9.0
    # via openai
fastuuid==0.14.0
    # via litellm
filelock==3.20.3
    # via huggingface-hub
frozenlist==1.8.0
    # via aiohttp
    # via aiosignal
fsspec==2026.1.0
    # via huggingface-hub
h11==0.16.0
    # via httpcore
hf-xet==1.2.0
    # via huggingface-hub
httpcore==1.0.9
    # via httpx
httpx==0.28.1
    # via huggingface-hub
    # via litellm
    # via openai
huggingface-hub==1.3.7
    # via tokenizers
idna==3.11
    # via anyio
    # via httpx
    # via requests
    # via yarl
importlib-metadata==8.7.1
    # via litellm
jinja2==3.1.6
    # via litellm
jiter==0.13.0
    # via openai
jsonschema==4.26.0
    # via litellm
jsonschema-specifications==2025.9.1
    # via jsonschema
litellm==1.81.6
    # via lightcode
markdown-it-py==4.0.0
    # via rich
markupsafe==3.0.3
    # via jinja2
mdurl==0.1.2
    # via markdown-it-py
multidict==6.7.1
    # via aiohttp
    # via yarl
openai==2.16.0
    # via litellm
packaging==26.0
    # via huggingface-hub
propcache==0.4.1
    # via aiohttp
    # via yarl
pydantic==2.12.5
    # via litellm
    # via openai
pydantic-core==2.41.5
    # via pydantic
pygments==2.19.2
    # via rich
python-dotenv==1.2.1
    # via litellm
pyyaml==6.0.3
    # via huggingface-hub
referencing==0.37.0
    # via jsonschema
    # via jsonschema-specifications
regex==2026.1.15
    # via tiktoken
requests==2.32.5
    # via tiktoken
rich==14.3.2
    # via lightcode
rpds-py==0.30.0
    # via jsonschema
    # via referencing
shellingham==1.5.4
    # via huggingface-hub
sniffio==1.3.1
    # via openai
tiktoken==0.12.0
    # via litellm
tokenizers==0.22.2
    # via litellm
tqdm==4.67.2
    # via huggingface-hub
    # via openai
typer-slim==0.21.1
    # via huggingface-hub
typing-extensions==4.15.0
    # via aiosignal
    # via anyio
    # via huggingface-hub
    # via openai
    # via pydantic
    # via pydantic-core
    # via referencing
    # via typer-slim
    # via typing-inspection
typing-inspection==0.4.2
    # via pydantic
urllib3==2.6.3
    # via requests
yarl==1.22.0
    # via aiohttp
zipp==3.23.0
    # via importlib-metadata
